
Microsoft Visual Studio Solution File, Format Version 11.00
# Visual Studio 2010
Project("{FAE04EC0-301F-11D3-BF4B-00C04F79EFBC}") = "Assembly-CSharp", "Assembly-CSharp.csproj", "{9920CB21-9168-3CA5-5A25-F4D8774D1F9C}"
EndProject
Global
	GlobalSection(SolutionConfigurationPlatforms) = preSolution
		Debug|Any CPU = Debug|Any CPU
		Release|Any CPU = Release|Any CPU
	EndGlobalSection
	GlobalSection(ProjectConfigurationPlatforms) = postSolution
		{9920CB21-9168-3CA5-5A25-F4D8774D1F9C}.Debug|Any CPU.ActiveCfg = Debug|Any CPU
		{9920CB21-9168-3CA5-5A25-F4D8774D1F9C}.Debug|Any CPU.Build.0 = Debug|Any CPU
		{9920CB21-9168-3CA5-5A25-F4D8774D1F9C}.Release|Any CPU.ActiveCfg = Release|Any CPU
		{9920CB21-9168-3CA5-5A25-F4D8774D1F9C}.Release|Any CPU.Build.0 = Release|Any CPU
	EndGlobalSection
	GlobalSection(SolutionProperties) = preSolution
		HideSolutionNode = FALSE
	EndGlobalSection
EndGlobal
